
Microsoft Visual Studio Solution File, Format Version 12.00
# Visual Studio Version 16
VisualStudioVersion = 16.0.30413.136
MinimumVisualStudioVersion = 10.0.40219.1
Project("{FAE04EC0-301F-11D3-BF4B-00C04F79EFBC}") = "PrimerEjercicio.interfaz", "PrimerEjercicio.interfaz\PrimerEjercicio.interfaz.csproj", "{2E652FB8-614F-4764-AB76-430147DE025B}"
EndProject
Project("{FAE04EC0-301F-11D3-BF4B-00C04F79EFBC}") = "PrimerEjercicio.recursos", "PrimerEjercicio.recursos\PrimerEjercicio.recursos.csproj", "{167DE908-9311-450B-8F07-8FCC2C0C3B4B}"
EndProject
Global
	GlobalSection(SolutionConfigurationPlatforms) = preSolution
		Debug|Any CPU = Debug|Any CPU
		Release|Any CPU = Release|Any CPU
	EndGlobalSection
	GlobalSection(ProjectConfigurationPlatforms) = postSolution
		{2E652FB8-614F-4764-AB76-430147DE025B}.Debug|Any CPU.ActiveCfg = Debug|Any CPU
		{2E652FB8-614F-4764-AB76-430147DE025B}.Debug|Any CPU.Build.0 = Debug|Any CPU
		{2E652FB8-614F-4764-AB76-430147DE025B}.Release|Any CPU.ActiveCfg = Release|Any CPU
		{2E652FB8-614F-4764-AB76-430147DE025B}.Release|Any CPU.Build.0 = Release|Any CPU
		{167DE908-9311-450B-8F07-8FCC2C0C3B4B}.Debug|Any CPU.ActiveCfg = Debug|Any CPU
		{167DE908-9311-450B-8F07-8FCC2C0C3B4B}.Debug|Any CPU.Build.0 = Debug|Any CPU
		{167DE908-9311-450B-8F07-8FCC2C0C3B4B}.Release|Any CPU.ActiveCfg = Release|Any CPU
		{167DE908-9311-450B-8F07-8FCC2C0C3B4B}.Release|Any CPU.Build.0 = Release|Any CPU
	EndGlobalSection
	GlobalSection(SolutionProperties) = preSolution
		HideSolutionNode = FALSE
	EndGlobalSection
	GlobalSection(ExtensibilityGlobals) = postSolution
		SolutionGuid = {8113D2BA-37E8-4C42-9DEF-7ADCAA4B367E}
	EndGlobalSection
EndGlobal
